// !$*UTF8*$!
{
	archiveVersion = 1;
	classes = {
	};
	objectVersion = 48;
	objects = {

/* Begin PBXAggregateTarget section */
		1AE6FCF01FF6435200001889 /* KKApplication.framework */ = {
			isa = PBXAggregateTarget;
			buildConfigurationList = 1AE6FCF41FF6435200001889 /* Build configuration list for PBXAggregateTarget "KKApplication.framework" */;
			buildPhases = (
				1AE6FCFA1FF6436400001889 /* ShellScript */,
			);
			dependencies = (
				1AE6FCF91FF6436200001889 /* PBXTargetDependency */,
			);
			name = KKApplication.framework;
			productName = KKApplication.framework;
		};
/* End PBXAggregateTarget section */

/* Begin PBXBuildFile section */
		1A0366121FF8C95600CD6C27 /* KKWindowPageController.h in Headers */ = {isa = PBXBuildFile; fileRef = 1A0366101FF8C95600CD6C27 /* KKWindowPageController.h */; settings = {ATTRIBUTES = (Public, ); }; };
		1A0366131FF8C95600CD6C27 /* KKWindowPageController.m in Sources */ = {isa = PBXBuildFile; fileRef = 1A0366111FF8C95600CD6C27 /* KKWindowPageController.m */; };
		1A0366261FF8E40500CD6C27 /* KKShell.h in Headers */ = {isa = PBXBuildFile; fileRef = 1A0366241FF8E40500CD6C27 /* KKShell.h */; settings = {ATTRIBUTES = (Public, ); }; };
		1A0366271FF8E40500CD6C27 /* KKShell.m in Sources */ = {isa = PBXBuildFile; fileRef = 1A0366251FF8E40500CD6C27 /* KKShell.m */; };
		1A0366311FF933D600CD6C27 /* KKNavigationController.h in Headers */ = {isa = PBXBuildFile; fileRef = 1A03662F1FF933D600CD6C27 /* KKNavigationController.h */; settings = {ATTRIBUTES = (Public, ); }; };
		1A0366321FF933D600CD6C27 /* KKNavigationController.m in Sources */ = {isa = PBXBuildFile; fileRef = 1A0366301FF933D600CD6C27 /* KKNavigationController.m */; };
		1A9E3C751FF74AD40023B627 /* KKController.h in Headers */ = {isa = PBXBuildFile; fileRef = 1A9E3C731FF74AD40023B627 /* KKController.h */; settings = {ATTRIBUTES = (Public, ); }; };
		1A9E3C761FF74AD40023B627 /* KKController.m in Sources */ = {isa = PBXBuildFile; fileRef = 1A9E3C741FF74AD40023B627 /* KKController.m */; };
		1A9E3C791FF750770023B627 /* KKPageController.h in Headers */ = {isa = PBXBuildFile; fileRef = 1A9E3C771FF750770023B627 /* KKPageController.h */; settings = {ATTRIBUTES = (Public, ); }; };
		1A9E3C7A1FF750770023B627 /* KKPageController.m in Sources */ = {isa = PBXBuildFile; fileRef = 1A9E3C781FF750770023B627 /* KKPageController.m */; };
		1A9E3CA51FF878710023B627 /* KKApplicationDylib.h in Headers */ = {isa = PBXBuildFile; fileRef = 1A9E3CA31FF878710023B627 /* KKApplicationDylib.h */; settings = {ATTRIBUTES = (Public, ); }; };
		1A9E3CB11FF878CA0023B627 /* KKApplication.framework in Frameworks */ = {isa = PBXBuildFile; fileRef = 1AE143311FF4956800D2DEAD /* KKApplication.framework */; };
		1A9E3CB21FF878CE0023B627 /* KKHttp.framework in Frameworks */ = {isa = PBXBuildFile; fileRef = 1A9E3CB41FF878CE0023B627 /* KKHttp.framework */; };
		1A9E3CB31FF878CE0023B627 /* KKObserver.framework in Frameworks */ = {isa = PBXBuildFile; fileRef = 1A9E3CB51FF878CE0023B627 /* KKObserver.framework */; };
		1A9E3CB61FF878CE0023B627 /* KKView.framework in Frameworks */ = {isa = PBXBuildFile; fileRef = 1AE143441FF4959D00D2DEAD /* KKView.framework */; };
		1A9E3CBA1FF8799E0023B627 /* KKDylib.m in Sources */ = {isa = PBXBuildFile; fileRef = 1A9E3CB81FF8799E0023B627 /* KKDylib.m */; };
		1ACA7C3E20046CEE001F3684 /* KKWebViewController.m in Sources */ = {isa = PBXBuildFile; fileRef = 1AE1437F1FF5E0EF00D2DEAD /* KKWebViewController.m */; };
		1ACA7C652004C37D001F3684 /* KKWebViewBridge.h in Headers */ = {isa = PBXBuildFile; fileRef = 1ACA7C632004C37D001F3684 /* KKWebViewBridge.h */; settings = {ATTRIBUTES = (Public, ); }; };
		1ACA7C662004C37D001F3684 /* KKWebViewBridge.m in Sources */ = {isa = PBXBuildFile; fileRef = 1ACA7C642004C37D001F3684 /* KKWebViewBridge.m */; };
		1AE143361FF4956800D2DEAD /* KKApplication.h in Headers */ = {isa = PBXBuildFile; fileRef = 1AE143341FF4956800D2DEAD /* KKApplication.h */; settings = {ATTRIBUTES = (Public, ); }; };
		1AE143491FF495BE00D2DEAD /* KKApp.h in Headers */ = {isa = PBXBuildFile; fileRef = 1AE143471FF495BE00D2DEAD /* KKApp.h */; settings = {ATTRIBUTES = (Public, ); }; };
		1AE1434A1FF495BE00D2DEAD /* KKApp.m in Sources */ = {isa = PBXBuildFile; fileRef = 1AE143481FF495BE00D2DEAD /* KKApp.m */; };
		1AE143551FF4A26200D2DEAD /* KKPageViewController.h in Headers */ = {isa = PBXBuildFile; fileRef = 1AE143531FF4A26200D2DEAD /* KKPageViewController.h */; settings = {ATTRIBUTES = (Public, ); }; };
		1AE143561FF4A26200D2DEAD /* KKPageViewController.m in Sources */ = {isa = PBXBuildFile; fileRef = 1AE143541FF4A26200D2DEAD /* KKPageViewController.m */; };
		1AE143801FF5E0F000D2DEAD /* KKWebViewController.h in Headers */ = {isa = PBXBuildFile; fileRef = 1AE1437E1FF5E0EF00D2DEAD /* KKWebViewController.h */; settings = {ATTRIBUTES = (Public, ); }; };
		1AE143841FF5E1B600D2DEAD /* KKViewController.h in Headers */ = {isa = PBXBuildFile; fileRef = 1AE143821FF5E1B600D2DEAD /* KKViewController.h */; settings = {ATTRIBUTES = (Public, ); }; };
		1AE143851FF5E1B600D2DEAD /* KKViewController.m in Sources */ = {isa = PBXBuildFile; fileRef = 1AE143831FF5E1B600D2DEAD /* KKViewController.m */; };
		AC8E5D8D20043E4200343B83 /* AppDelegate.m in Sources */ = {isa = PBXBuildFile; fileRef = AC8E5D8C20043E4200343B83 /* AppDelegate.m */; };
		AC8E5D9320043E4200343B83 /* Main.storyboard in Resources */ = {isa = PBXBuildFile; fileRef = AC8E5D9120043E4200343B83 /* Main.storyboard */; };
		AC8E5D9520043E4200343B83 /* Assets.xcassets in Resources */ = {isa = PBXBuildFile; fileRef = AC8E5D9420043E4200343B83 /* Assets.xcassets */; };
		AC8E5D9820043E4200343B83 /* LaunchScreen.storyboard in Resources */ = {isa = PBXBuildFile; fileRef = AC8E5D9620043E4200343B83 /* LaunchScreen.storyboard */; };
		AC8E5D9B20043E4200343B83 /* main.m in Sources */ = {isa = PBXBuildFile; fileRef = AC8E5D9A20043E4200343B83 /* main.m */; };
		AC8E5DA320043E7000343B83 /* main in Resources */ = {isa = PBXBuildFile; fileRef = AC8E5DA220043E7000343B83 /* main */; };
		AC8E5DA4200441A300343B83 /* KKHttp.framework in Frameworks */ = {isa = PBXBuildFile; fileRef = AC8E5DA6200441A300343B83 /* KKHttp.framework */; };
		AC8E5DA5200441A300343B83 /* KKObserver.framework in Frameworks */ = {isa = PBXBuildFile; fileRef = AC8E5DA7200441A300343B83 /* KKObserver.framework */; };
		AC8E5DA8200441A300343B83 /* KKApplication.framework in Frameworks */ = {isa = PBXBuildFile; fileRef = 1AE143311FF4956800D2DEAD /* KKApplication.framework */; };
		AC8E5DA9200441A300343B83 /* KKView.framework in Frameworks */ = {isa = PBXBuildFile; fileRef = 1AE143441FF4959D00D2DEAD /* KKView.framework */; };
/* End PBXBuildFile section */

/* Begin PBXContainerItemProxy section */
		1A9E3CAE1FF878C50023B627 /* PBXContainerItemProxy */ = {
			isa = PBXContainerItemProxy;
			containerPortal = 1AE143281FF4956800D2DEAD /* Project object */;
			proxyType = 1;
			remoteGlobalIDString = 1AE143301FF4956800D2DEAD;
			remoteInfo = KKApplication;
		};
		1AE143431FF4959D00D2DEAD /* PBXContainerItemProxy */ = {
			isa = PBXContainerItemProxy;
			containerPortal = 1AE1433C1FF4959D00D2DEAD /* KKView.xcodeproj */;
			proxyType = 2;
			remoteGlobalIDString = 1ACF730C1FF0DC3B003FB42A;
			remoteInfo = KKView;
		};
		1AE143451FF495A600D2DEAD /* PBXContainerItemProxy */ = {
			isa = PBXContainerItemProxy;
			containerPortal = 1AE1433C1FF4959D00D2DEAD /* KKView.xcodeproj */;
			proxyType = 1;
			remoteGlobalIDString = 1ACF730B1FF0DC3B003FB42A;
			remoteInfo = KKView;
		};
		1AE6FCF81FF6436200001889 /* PBXContainerItemProxy */ = {
			isa = PBXContainerItemProxy;
			containerPortal = 1AE143281FF4956800D2DEAD /* Project object */;
			proxyType = 1;
			remoteGlobalIDString = 1AE143301FF4956800D2DEAD;
			remoteInfo = KKApplication;
		};
		AC8E5DA020043E5700343B83 /* PBXContainerItemProxy */ = {
			isa = PBXContainerItemProxy;
			containerPortal = 1AE143281FF4956800D2DEAD /* Project object */;
			proxyType = 1;
			remoteGlobalIDString = 1AE143301FF4956800D2DEAD;
			remoteInfo = KKApplication;
		};
/* End PBXContainerItemProxy section */

/* Begin PBXFileReference section */
		1A0366101FF8C95600CD6C27 /* KKWindowPageController.h */ = {isa = PBXFileReference; lastKnownFileType = sourcecode.c.h; path = KKWindowPageController.h; sourceTree = "<group>"; };
		1A0366111FF8C95600CD6C27 /* KKWindowPageController.m */ = {isa = PBXFileReference; lastKnownFileType = sourcecode.c.objc; path = KKWindowPageController.m; sourceTree = "<group>"; };
		1A0366241FF8E40500CD6C27 /* KKShell.h */ = {isa = PBXFileReference; lastKnownFileType = sourcecode.c.h; path = KKShell.h; sourceTree = "<group>"; };
		1A0366251FF8E40500CD6C27 /* KKShell.m */ = {isa = PBXFileReference; lastKnownFileType = sourcecode.c.objc; path = KKShell.m; sourceTree = "<group>"; };
		1A03662F1FF933D600CD6C27 /* KKNavigationController.h */ = {isa = PBXFileReference; lastKnownFileType = sourcecode.c.h; path = KKNavigationController.h; sourceTree = "<group>"; };
		1A0366301FF933D600CD6C27 /* KKNavigationController.m */ = {isa = PBXFileReference; lastKnownFileType = sourcecode.c.objc; path = KKNavigationController.m; sourceTree = "<group>"; };
		1A9E3C731FF74AD40023B627 /* KKController.h */ = {isa = PBXFileReference; lastKnownFileType = sourcecode.c.h; path = KKController.h; sourceTree = "<group>"; };
		1A9E3C741FF74AD40023B627 /* KKController.m */ = {isa = PBXFileReference; lastKnownFileType = sourcecode.c.objc; path = KKController.m; sourceTree = "<group>"; };
		1A9E3C771FF750770023B627 /* KKPageController.h */ = {isa = PBXFileReference; lastKnownFileType = sourcecode.c.h; path = KKPageController.h; sourceTree = "<group>"; };
		1A9E3C781FF750770023B627 /* KKPageController.m */ = {isa = PBXFileReference; lastKnownFileType = sourcecode.c.objc; path = KKPageController.m; sourceTree = "<group>"; };
		1A9E3CA11FF878710023B627 /* KKApplicationDylib.framework */ = {isa = PBXFileReference; explicitFileType = wrapper.framework; includeInIndex = 0; path = KKApplicationDylib.framework; sourceTree = BUILT_PRODUCTS_DIR; };
		1A9E3CA31FF878710023B627 /* KKApplicationDylib.h */ = {isa = PBXFileReference; lastKnownFileType = sourcecode.c.h; path = KKApplicationDylib.h; sourceTree = "<group>"; };
		1A9E3CA41FF878710023B627 /* Info.plist */ = {isa = PBXFileReference; lastKnownFileType = text.plist.xml; path = Info.plist; sourceTree = "<group>"; };
		1A9E3CB41FF878CE0023B627 /* KKHttp.framework */ = {isa = PBXFileReference; explicitFileType = wrapper.framework; path = KKHttp.framework; sourceTree = BUILT_PRODUCTS_DIR; };
		1A9E3CB51FF878CE0023B627 /* KKObserver.framework */ = {isa = PBXFileReference; explicitFileType = wrapper.framework; path = KKObserver.framework; sourceTree = BUILT_PRODUCTS_DIR; };
		1A9E3CB81FF8799E0023B627 /* KKDylib.m */ = {isa = PBXFileReference; lastKnownFileType = sourcecode.c.objc; path = KKDylib.m; sourceTree = "<group>"; };
		1ACA7C632004C37D001F3684 /* KKWebViewBridge.h */ = {isa = PBXFileReference; lastKnownFileType = sourcecode.c.h; path = KKWebViewBridge.h; sourceTree = "<group>"; };
		1ACA7C642004C37D001F3684 /* KKWebViewBridge.m */ = {isa = PBXFileReference; lastKnownFileType = sourcecode.c.objc; path = KKWebViewBridge.m; sourceTree = "<group>"; };
		1AE143311FF4956800D2DEAD /* KKApplication.framework */ = {isa = PBXFileReference; explicitFileType = wrapper.framework; includeInIndex = 0; path = KKApplication.framework; sourceTree = BUILT_PRODUCTS_DIR; };
		1AE143341FF4956800D2DEAD /* KKApplication.h */ = {isa = PBXFileReference; lastKnownFileType = sourcecode.c.h; path = KKApplication.h; sourceTree = "<group>"; };
		1AE143351FF4956800D2DEAD /* Info.plist */ = {isa = PBXFileReference; lastKnownFileType = text.plist.xml; path = Info.plist; sourceTree = "<group>"; };
		1AE1433C1FF4959D00D2DEAD /* KKView.xcodeproj */ = {isa = PBXFileReference; lastKnownFileType = "wrapper.pb-project"; name = KKView.xcodeproj; path = ../../KKView/KKView/KKView.xcodeproj; sourceTree = "<group>"; };
		1AE143471FF495BE00D2DEAD /* KKApp.h */ = {isa = PBXFileReference; lastKnownFileType = sourcecode.c.h; path = KKApp.h; sourceTree = "<group>"; };
		1AE143481FF495BE00D2DEAD /* KKApp.m */ = {isa = PBXFileReference; lastKnownFileType = sourcecode.c.objc; path = KKApp.m; sourceTree = "<group>"; };
		1AE143531FF4A26200D2DEAD /* KKPageViewController.h */ = {isa = PBXFileReference; lastKnownFileType = sourcecode.c.h; path = KKPageViewController.h; sourceTree = "<group>"; };
		1AE143541FF4A26200D2DEAD /* KKPageViewController.m */ = {isa = PBXFileReference; lastKnownFileType = sourcecode.c.objc; path = KKPageViewController.m; sourceTree = "<group>"; };
		1AE1437E1FF5E0EF00D2DEAD /* KKWebViewController.h */ = {isa = PBXFileReference; lastKnownFileType = sourcecode.c.h; path = KKWebViewController.h; sourceTree = "<group>"; };
		1AE1437F1FF5E0EF00D2DEAD /* KKWebViewController.m */ = {isa = PBXFileReference; lastKnownFileType = sourcecode.c.objc; path = KKWebViewController.m; sourceTree = "<group>"; };
		1AE143821FF5E1B600D2DEAD /* KKViewController.h */ = {isa = PBXFileReference; lastKnownFileType = sourcecode.c.h; path = KKViewController.h; sourceTree = "<group>"; };
		1AE143831FF5E1B600D2DEAD /* KKViewController.m */ = {isa = PBXFileReference; lastKnownFileType = sourcecode.c.objc; path = KKViewController.m; sourceTree = "<group>"; };
		AC8E5D8920043E4200343B83 /* demo.app */ = {isa = PBXFileReference; explicitFileType = wrapper.application; includeInIndex = 0; path = demo.app; sourceTree = BUILT_PRODUCTS_DIR; };
		AC8E5D8B20043E4200343B83 /* AppDelegate.h */ = {isa = PBXFileReference; lastKnownFileType = sourcecode.c.h; path = AppDelegate.h; sourceTree = "<group>"; };
		AC8E5D8C20043E4200343B83 /* AppDelegate.m */ = {isa = PBXFileReference; lastKnownFileType = sourcecode.c.objc; path = AppDelegate.m; sourceTree = "<group>"; };
		AC8E5D9220043E4200343B83 /* Base */ = {isa = PBXFileReference; lastKnownFileType = file.storyboard; name = Base; path = Base.lproj/Main.storyboard; sourceTree = "<group>"; };
		AC8E5D9420043E4200343B83 /* Assets.xcassets */ = {isa = PBXFileReference; lastKnownFileType = folder.assetcatalog; path = Assets.xcassets; sourceTree = "<group>"; };
		AC8E5D9720043E4200343B83 /* Base */ = {isa = PBXFileReference; lastKnownFileType = file.storyboard; name = Base; path = Base.lproj/LaunchScreen.storyboard; sourceTree = "<group>"; };
		AC8E5D9920043E4200343B83 /* Info.plist */ = {isa = PBXFileReference; lastKnownFileType = text.plist.xml; path = Info.plist; sourceTree = "<group>"; };
		AC8E5D9A20043E4200343B83 /* main.m */ = {isa = PBXFileReference; lastKnownFileType = sourcecode.c.objc; path = main.m; sourceTree = "<group>"; };
		AC8E5DA220043E7000343B83 /* main */ = {isa = PBXFileReference; lastKnownFileType = folder; path = main; sourceTree = "<group>"; };
		AC8E5DA6200441A300343B83 /* KKHttp.framework */ = {isa = PBXFileReference; explicitFileType = wrapper.framework; path = KKHttp.framework; sourceTree = BUILT_PRODUCTS_DIR; };
		AC8E5DA7200441A300343B83 /* KKObserver.framework */ = {isa = PBXFileReference; explicitFileType = wrapper.framework; path = KKObserver.framework; sourceTree = BUILT_PRODUCTS_DIR; };
/* End PBXFileReference section */

/* Begin PBXFrameworksBuildPhase section */
		1A9E3C9D1FF878710023B627 /* Frameworks */ = {
			isa = PBXFrameworksBuildPhase;
			buildActionMask = 2147483647;
			files = (
				1A9E3CB21FF878CE0023B627 /* KKHttp.framework in Frameworks */,
				1A9E3CB31FF878CE0023B627 /* KKObserver.framework in Frameworks */,
				1A9E3CB61FF878CE0023B627 /* KKView.framework in Frameworks */,
				1A9E3CB11FF878CA0023B627 /* KKApplication.framework in Frameworks */,
			);
			runOnlyForDeploymentPostprocessing = 0;
		};
		1AE1432D1FF4956800D2DEAD /* Frameworks */ = {
			isa = PBXFrameworksBuildPhase;
			buildActionMask = 2147483647;
			files = (
			);
			runOnlyForDeploymentPostprocessing = 0;
		};
		AC8E5D8620043E4200343B83 /* Frameworks */ = {
			isa = PBXFrameworksBuildPhase;
			buildActionMask = 2147483647;
			files = (
				AC8E5DA8200441A300343B83 /* KKApplication.framework in Frameworks */,
				AC8E5DA4200441A300343B83 /* KKHttp.framework in Frameworks */,
				AC8E5DA5200441A300343B83 /* KKObserver.framework in Frameworks */,
				AC8E5DA9200441A300343B83 /* KKView.framework in Frameworks */,
			);
			runOnlyForDeploymentPostprocessing = 0;
		};
/* End PBXFrameworksBuildPhase section */

/* Begin PBXGroup section */
		1A9E3CA21FF878710023B627 /* KKApplicationDylib */ = {
			isa = PBXGroup;
			children = (
				1A9E3CA31FF878710023B627 /* KKApplicationDylib.h */,
				1A9E3CB81FF8799E0023B627 /* KKDylib.m */,
				1A9E3CA41FF878710023B627 /* Info.plist */,
			);
			path = KKApplicationDylib;
			sourceTree = "<group>";
		};
		1A9E3CB01FF878CA0023B627 /* Frameworks */ = {
			isa = PBXGroup;
			children = (
				AC8E5DA6200441A300343B83 /* KKHttp.framework */,
				AC8E5DA7200441A300343B83 /* KKObserver.framework */,
				1A9E3CB41FF878CE0023B627 /* KKHttp.framework */,
				1A9E3CB51FF878CE0023B627 /* KKObserver.framework */,
			);
			name = Frameworks;
			sourceTree = "<group>";
		};
		1AE143271FF4956800D2DEAD = {
			isa = PBXGroup;
			children = (
				1AE1433C1FF4959D00D2DEAD /* KKView.xcodeproj */,
				1AE143331FF4956800D2DEAD /* KKApplication */,
				1A9E3CA21FF878710023B627 /* KKApplicationDylib */,
				AC8E5D8A20043E4200343B83 /* demo */,
				1AE143321FF4956800D2DEAD /* Products */,
				1A9E3CB01FF878CA0023B627 /* Frameworks */,
			);
			sourceTree = "<group>";
		};
		1AE143321FF4956800D2DEAD /* Products */ = {
			isa = PBXGroup;
			children = (
				1AE143311FF4956800D2DEAD /* KKApplication.framework */,
				1A9E3CA11FF878710023B627 /* KKApplicationDylib.framework */,
				AC8E5D8920043E4200343B83 /* demo.app */,
			);
			name = Products;
			sourceTree = "<group>";
		};
		1AE143331FF4956800D2DEAD /* KKApplication */ = {
			isa = PBXGroup;
			children = (
				1AE143341FF4956800D2DEAD /* KKApplication.h */,
				1AE143471FF495BE00D2DEAD /* KKApp.h */,
				1AE143481FF495BE00D2DEAD /* KKApp.m */,
				1A9E3C731FF74AD40023B627 /* KKController.h */,
				1A9E3C741FF74AD40023B627 /* KKController.m */,
				1A9E3C771FF750770023B627 /* KKPageController.h */,
				1A9E3C781FF750770023B627 /* KKPageController.m */,
				1AE143821FF5E1B600D2DEAD /* KKViewController.h */,
				1AE143831FF5E1B600D2DEAD /* KKViewController.m */,
				1AE143531FF4A26200D2DEAD /* KKPageViewController.h */,
				1AE143541FF4A26200D2DEAD /* KKPageViewController.m */,
				1AE1437E1FF5E0EF00D2DEAD /* KKWebViewController.h */,
				1AE1437F1FF5E0EF00D2DEAD /* KKWebViewController.m */,
				1A0366101FF8C95600CD6C27 /* KKWindowPageController.h */,
				1A0366111FF8C95600CD6C27 /* KKWindowPageController.m */,
				1A03662F1FF933D600CD6C27 /* KKNavigationController.h */,
				1A0366301FF933D600CD6C27 /* KKNavigationController.m */,
				1ACA7C632004C37D001F3684 /* KKWebViewBridge.h */,
				1ACA7C642004C37D001F3684 /* KKWebViewBridge.m */,
				1A0366241FF8E40500CD6C27 /* KKShell.h */,
				1A0366251FF8E40500CD6C27 /* KKShell.m */,
				1AE143351FF4956800D2DEAD /* Info.plist */,
			);
			path = KKApplication;
			sourceTree = "<group>";
		};
		1AE1433D1FF4959D00D2DEAD /* Products */ = {
			isa = PBXGroup;
			children = (
				1AE143441FF4959D00D2DEAD /* KKView.framework */,
			);
			name = Products;
			sourceTree = "<group>";
		};
		AC8E5D8A20043E4200343B83 /* demo */ = {
			isa = PBXGroup;
			children = (
				AC8E5DA220043E7000343B83 /* main */,
				AC8E5D8B20043E4200343B83 /* AppDelegate.h */,
				AC8E5D8C20043E4200343B83 /* AppDelegate.m */,
				AC8E5D9120043E4200343B83 /* Main.storyboard */,
				AC8E5D9420043E4200343B83 /* Assets.xcassets */,
				AC8E5D9620043E4200343B83 /* LaunchScreen.storyboard */,
				AC8E5D9920043E4200343B83 /* Info.plist */,
				AC8E5D9A20043E4200343B83 /* main.m */,
			);
			path = demo;
			sourceTree = "<group>";
		};
/* End PBXGroup section */

/* Begin PBXHeadersBuildPhase section */
		1A9E3C9E1FF878710023B627 /* Headers */ = {
			isa = PBXHeadersBuildPhase;
			buildActionMask = 2147483647;
			files = (
				1A9E3CA51FF878710023B627 /* KKApplicationDylib.h in Headers */,
			);
			runOnlyForDeploymentPostprocessing = 0;
		};
		1AE1432E1FF4956800D2DEAD /* Headers */ = {
			isa = PBXHeadersBuildPhase;
			buildActionMask = 2147483647;
			files = (
				1ACA7C652004C37D001F3684 /* KKWebViewBridge.h in Headers */,
				1A0366261FF8E40500CD6C27 /* KKShell.h in Headers */,
				1A9E3C751FF74AD40023B627 /* KKController.h in Headers */,
				1AE143551FF4A26200D2DEAD /* KKPageViewController.h in Headers */,
				1AE143491FF495BE00D2DEAD /* KKApp.h in Headers */,
				1A0366311FF933D600CD6C27 /* KKNavigationController.h in Headers */,
				1AE143801FF5E0F000D2DEAD /* KKWebViewController.h in Headers */,
				1A9E3C791FF750770023B627 /* KKPageController.h in Headers */,
				1A0366121FF8C95600CD6C27 /* KKWindowPageController.h in Headers */,
				1AE143361FF4956800D2DEAD /* KKApplication.h in Headers */,
				1AE143841FF5E1B600D2DEAD /* KKViewController.h in Headers */,
			);
			runOnlyForDeploymentPostprocessing = 0;
		};
/* End PBXHeadersBuildPhase section */

/* Begin PBXNativeTarget section */
		1A9E3CA01FF878710023B627 /* KKApplicationDylib */ = {
			isa = PBXNativeTarget;
			buildConfigurationList = 1A9E3CAA1FF878710023B627 /* Build configuration list for PBXNativeTarget "KKApplicationDylib" */;
			buildPhases = (
				1A9E3C9C1FF878710023B627 /* Sources */,
				1A9E3C9D1FF878710023B627 /* Frameworks */,
				1A9E3C9E1FF878710023B627 /* Headers */,
				1A9E3C9F1FF878710023B627 /* Resources */,
			);
			buildRules = (
			);
			dependencies = (
				1A9E3CAF1FF878C50023B627 /* PBXTargetDependency */,
			);
			name = KKApplicationDylib;
			productName = KKApplicationDylib;
			productReference = 1A9E3CA11FF878710023B627 /* KKApplicationDylib.framework */;
			productType = "com.apple.product-type.framework";
		};
		1AE143301FF4956800D2DEAD /* KKApplication */ = {
			isa = PBXNativeTarget;
			buildConfigurationList = 1AE143391FF4956800D2DEAD /* Build configuration list for PBXNativeTarget "KKApplication" */;
			buildPhases = (
				1AE1432C1FF4956800D2DEAD /* Sources */,
				1AE1432D1FF4956800D2DEAD /* Frameworks */,
				1AE1432E1FF4956800D2DEAD /* Headers */,
				1AE1432F1FF4956800D2DEAD /* Resources */,
			);
			buildRules = (
			);
			dependencies = (
				1AE143461FF495A600D2DEAD /* PBXTargetDependency */,
			);
			name = KKApplication;
			productName = KKApplication;
			productReference = 1AE143311FF4956800D2DEAD /* KKApplication.framework */;
			productType = "com.apple.product-type.framework";
		};
		AC8E5D8820043E4200343B83 /* demo */ = {
			isa = PBXNativeTarget;
			buildConfigurationList = AC8E5D9F20043E4200343B83 /* Build configuration list for PBXNativeTarget "demo" */;
			buildPhases = (
				AC8E5D8520043E4200343B83 /* Sources */,
				AC8E5D8620043E4200343B83 /* Frameworks */,
				AC8E5D8720043E4200343B83 /* Resources */,
			);
			buildRules = (
			);
			dependencies = (
				AC8E5DA120043E5700343B83 /* PBXTargetDependency */,
			);
			name = demo;
			productName = demo;
			productReference = AC8E5D8920043E4200343B83 /* demo.app */;
			productType = "com.apple.product-type.application";
		};
/* End PBXNativeTarget section */

/* Begin PBXProject section */
		1AE143281FF4956800D2DEAD /* Project object */ = {
			isa = PBXProject;
			attributes = {
				LastUpgradeCheck = 0920;
				ORGANIZATIONNAME = kkmofang.cn;
				TargetAttributes = {
					1A9E3CA01FF878710023B627 = {
						CreatedOnToolsVersion = 9.2;
						ProvisioningStyle = Automatic;
					};
					1AE143301FF4956800D2DEAD = {
						CreatedOnToolsVersion = 9.2;
						ProvisioningStyle = Automatic;
					};
					1AE6FCF01FF6435200001889 = {
						CreatedOnToolsVersion = 9.2;
						ProvisioningStyle = Automatic;
					};
					AC8E5D8820043E4200343B83 = {
						CreatedOnToolsVersion = 9.2;
						ProvisioningStyle = Automatic;
					};
				};
			};
			buildConfigurationList = 1AE1432B1FF4956800D2DEAD /* Build configuration list for PBXProject "KKApplication" */;
			compatibilityVersion = "Xcode 8.0";
			developmentRegion = en;
			hasScannedForEncodings = 0;
			knownRegions = (
				en,
				Base,
			);
			mainGroup = 1AE143271FF4956800D2DEAD;
			productRefGroup = 1AE143321FF4956800D2DEAD /* Products */;
			projectDirPath = "";
			projectReferences = (
				{
					ProductGroup = 1AE1433D1FF4959D00D2DEAD /* Products */;
					ProjectRef = 1AE1433C1FF4959D00D2DEAD /* KKView.xcodeproj */;
				},
			);
			projectRoot = "";
			targets = (
				1AE143301FF4956800D2DEAD /* KKApplication */,
				1AE6FCF01FF6435200001889 /* KKApplication.framework */,
				1A9E3CA01FF878710023B627 /* KKApplicationDylib */,
				AC8E5D8820043E4200343B83 /* demo */,
			);
		};
/* End PBXProject section */

/* Begin PBXReferenceProxy section */
		1AE143441FF4959D00D2DEAD /* KKView.framework */ = {
			isa = PBXReferenceProxy;
			fileType = wrapper.framework;
			path = KKView.framework;
			remoteRef = 1AE143431FF4959D00D2DEAD /* PBXContainerItemProxy */;
			sourceTree = BUILT_PRODUCTS_DIR;
		};
/* End PBXReferenceProxy section */

/* Begin PBXResourcesBuildPhase section */
		1A9E3C9F1FF878710023B627 /* Resources */ = {
			isa = PBXResourcesBuildPhase;
			buildActionMask = 2147483647;
			files = (
			);
			runOnlyForDeploymentPostprocessing = 0;
		};
		1AE1432F1FF4956800D2DEAD /* Resources */ = {
			isa = PBXResourcesBuildPhase;
			buildActionMask = 2147483647;
			files = (
			);
			runOnlyForDeploymentPostprocessing = 0;
		};
		AC8E5D8720043E4200343B83 /* Resources */ = {
			isa = PBXResourcesBuildPhase;
			buildActionMask = 2147483647;
			files = (
				AC8E5D9820043E4200343B83 /* LaunchScreen.storyboard in Resources */,
				AC8E5DA320043E7000343B83 /* main in Resources */,
				AC8E5D9520043E4200343B83 /* Assets.xcassets in Resources */,
				AC8E5D9320043E4200343B83 /* Main.storyboard in Resources */,
			);
			runOnlyForDeploymentPostprocessing = 0;
		};
/* End PBXResourcesBuildPhase section */

/* Begin PBXShellScriptBuildPhase section */
		1AE6FCFA1FF6436400001889 /* ShellScript */ = {
			isa = PBXShellScriptBuildPhase;
			buildActionMask = 2147483647;
			files = (
			);
			inputPaths = (
			);
			outputPaths = (
			);
			runOnlyForDeploymentPostprocessing = 0;
			shellPath = /bin/sh;
			shellScript = "\nFMK_NAME=${PROJECT_NAME}\n\nINSTALL_DIR=${SRCROOT}/../${FMK_NAME}.framework\n\nWRK_DIR=build\n\nDEVICE_DIR=${WRK_DIR}/Release-iphoneos/${FMK_NAME}.framework\n\nSIMULATOR_DIR=${WRK_DIR}/Release-iphonesimulator/${FMK_NAME}.framework\n\nxcodebuild -configuration \"Release\" -target \"${FMK_NAME}\" -sdk iphoneos clean build\n\nxcodebuild -configuration \"Release\" -target \"${FMK_NAME}\" -sdk iphonesimulator clean build\n\nif [ -d \"${INSTALL_DIR}\" ]\n\nthen\n\nrm -rf \"${INSTALL_DIR}\"\n\nfi\n\nmkdir -p \"${INSTALL_DIR}\"\n\ncp -R \"${DEVICE_DIR}/\" \"${INSTALL_DIR}/\"\n\nlipo -create \"${DEVICE_DIR}/${FMK_NAME}\" \"${SIMULATOR_DIR}/${FMK_NAME}\" -output \"${INSTALL_DIR}/${FMK_NAME}\"\n\nrm -r \"${WRK_DIR}\"\n\nopen \"${INSTALL_DIR}\"\n";
		};
/* End PBXShellScriptBuildPhase section */

/* Begin PBXSourcesBuildPhase section */
		1A9E3C9C1FF878710023B627 /* Sources */ = {
			isa = PBXSourcesBuildPhase;
			buildActionMask = 2147483647;
			files = (
				1A9E3CBA1FF8799E0023B627 /* KKDylib.m in Sources */,
			);
			runOnlyForDeploymentPostprocessing = 0;
		};
		1AE1432C1FF4956800D2DEAD /* Sources */ = {
			isa = PBXSourcesBuildPhase;
			buildActionMask = 2147483647;
			files = (
				1ACA7C662004C37D001F3684 /* KKWebViewBridge.m in Sources */,
				1AE1434A1FF495BE00D2DEAD /* KKApp.m in Sources */,
				1AE143561FF4A26200D2DEAD /* KKPageViewController.m in Sources */,
				1ACA7C3E20046CEE001F3684 /* KKWebViewController.m in Sources */,
				1A0366271FF8E40500CD6C27 /* KKShell.m in Sources */,
				1A0366131FF8C95600CD6C27 /* KKWindowPageController.m in Sources */,
				1A9E3C7A1FF750770023B627 /* KKPageController.m in Sources */,
				1A9E3C761FF74AD40023B627 /* KKController.m in Sources */,
				1AE143851FF5E1B600D2DEAD /* KKViewController.m in Sources */,
				1A0366321FF933D600CD6C27 /* KKNavigationController.m in Sources */,
			);
			runOnlyForDeploymentPostprocessing = 0;
		};
		AC8E5D8520043E4200343B83 /* Sources */ = {
			isa = PBXSourcesBuildPhase;
			buildActionMask = 2147483647;
			files = (
				AC8E5D9B20043E4200343B83 /* main.m in Sources */,
				AC8E5D8D20043E4200343B83 /* AppDelegate.m in Sources */,
			);
			runOnlyForDeploymentPostprocessing = 0;
		};
/* End PBXSourcesBuildPhase section */

/* Begin PBXTargetDependency section */
		1A9E3CAF1FF878C50023B627 /* PBXTargetDependency */ = {
			isa = PBXTargetDependency;
			target = 1AE143301FF4956800D2DEAD /* KKApplication */;
			targetProxy = 1A9E3CAE1FF878C50023B627 /* PBXContainerItemProxy */;
		};
		1AE143461FF495A600D2DEAD /* PBXTargetDependency */ = {
			isa = PBXTargetDependency;
			name = KKView;
			targetProxy = 1AE143451FF495A600D2DEAD /* PBXContainerItemProxy */;
		};
		1AE6FCF91FF6436200001889 /* PBXTargetDependency */ = {
			isa = PBXTargetDependency;
			target = 1AE143301FF4956800D2DEAD /* KKApplication */;
			targetProxy = 1AE6FCF81FF6436200001889 /* PBXContainerItemProxy */;
		};
		AC8E5DA120043E5700343B83 /* PBXTargetDependency */ = {
			isa = PBXTargetDependency;
			target = 1AE143301FF4956800D2DEAD /* KKApplication */;
			targetProxy = AC8E5DA020043E5700343B83 /* PBXContainerItemProxy */;
		};
/* End PBXTargetDependency section */

/* Begin PBXVariantGroup section */
		AC8E5D9120043E4200343B83 /* Main.storyboard */ = {
			isa = PBXVariantGroup;
			children = (
				AC8E5D9220043E4200343B83 /* Base */,
			);
			name = Main.storyboard;
			sourceTree = "<group>";
		};
		AC8E5D9620043E4200343B83 /* LaunchScreen.storyboard */ = {
			isa = PBXVariantGroup;
			children = (
				AC8E5D9720043E4200343B83 /* Base */,
			);
			name = LaunchScreen.storyboard;
			sourceTree = "<group>";
		};
/* End PBXVariantGroup section */

/* Begin XCBuildConfiguration section */
		1A9E3CAB1FF878710023B627 /* Debug */ = {
			isa = XCBuildConfiguration;
			buildSettings = {
				CODE_SIGN_IDENTITY = "";
				CODE_SIGN_STYLE = Automatic;
				DEFINES_MODULE = YES;
				DEVELOPMENT_TEAM = 8V7A9F9SCJ;
				DYLIB_COMPATIBILITY_VERSION = 1;
				DYLIB_CURRENT_VERSION = 1;
				DYLIB_INSTALL_NAME_BASE = "@rpath";
				ENABLE_BITCODE = NO;
				INFOPLIST_FILE = KKApplicationDylib/Info.plist;
				INSTALL_PATH = "$(LOCAL_LIBRARY_DIR)/Frameworks";
				IPHONEOS_DEPLOYMENT_TARGET = 8.0;
				LD_RUNPATH_SEARCH_PATHS = "$(inherited) @executable_path/Frameworks @loader_path/Frameworks";
				ONLY_ACTIVE_ARCH = NO;
				PRODUCT_BUNDLE_IDENTIFIER = cn.kkmofang.KKApplicationDylib;
				PRODUCT_NAME = "$(TARGET_NAME:c99extidentifier)";
				SKIP_INSTALL = YES;
				TARGETED_DEVICE_FAMILY = "1,2";
			};
			name = Debug;
		};
		1A9E3CAC1FF878710023B627 /* Release */ = {
			isa = XCBuildConfiguration;
			buildSettings = {
				CODE_SIGN_IDENTITY = "";
				CODE_SIGN_STYLE = Automatic;
				DEFINES_MODULE = YES;
				DEVELOPMENT_TEAM = 8V7A9F9SCJ;
				DYLIB_COMPATIBILITY_VERSION = 1;
				DYLIB_CURRENT_VERSION = 1;
				DYLIB_INSTALL_NAME_BASE = "@rpath";
				ENABLE_BITCODE = NO;
				INFOPLIST_FILE = KKApplicationDylib/Info.plist;
				INSTALL_PATH = "$(LOCAL_LIBRARY_DIR)/Frameworks";
				IPHONEOS_DEPLOYMENT_TARGET = 8.0;
				LD_RUNPATH_SEARCH_PATHS = "$(inherited) @executable_path/Frameworks @loader_path/Frameworks";
				ONLY_ACTIVE_ARCH = NO;
				PRODUCT_BUNDLE_IDENTIFIER = cn.kkmofang.KKApplicationDylib;
				PRODUCT_NAME = "$(TARGET_NAME:c99extidentifier)";
				SKIP_INSTALL = YES;
				TARGETED_DEVICE_FAMILY = "1,2";
			};
			name = Release;
		};
		1AE143371FF4956800D2DEAD /* Debug */ = {
			isa = XCBuildConfiguration;
			buildSettings = {
				ALWAYS_SEARCH_USER_PATHS = NO;
				CLANG_ANALYZER_NONNULL = YES;
				CLANG_ANALYZER_NUMBER_OBJECT_CONVERSION = YES_AGGRESSIVE;
				CLANG_CXX_LANGUAGE_STANDARD = "gnu++14";
				CLANG_CXX_LIBRARY = "libc++";
				CLANG_ENABLE_MODULES = YES;
				CLANG_ENABLE_OBJC_ARC = YES;
				CLANG_WARN_BLOCK_CAPTURE_AUTORELEASING = YES;
				CLANG_WARN_BOOL_CONVERSION = YES;
				CLANG_WARN_COMMA = YES;
				CLANG_WARN_CONSTANT_CONVERSION = YES;
				CLANG_WARN_DIRECT_OBJC_ISA_USAGE = YES_ERROR;
				CLANG_WARN_DOCUMENTATION_COMMENTS = YES;
				CLANG_WARN_EMPTY_BODY = YES;
				CLANG_WARN_ENUM_CONVERSION = YES;
				CLANG_WARN_INFINITE_RECURSION = YES;
				CLANG_WARN_INT_CONVERSION = YES;
				CLANG_WARN_NON_LITERAL_NULL_CONVERSION = YES;
				CLANG_WARN_OBJC_LITERAL_CONVERSION = YES;
				CLANG_WARN_OBJC_ROOT_CLASS = YES_ERROR;
				CLANG_WARN_RANGE_LOOP_ANALYSIS = YES;
				CLANG_WARN_STRICT_PROTOTYPES = YES;
				CLANG_WARN_SUSPICIOUS_MOVE = YES;
				CLANG_WARN_UNGUARDED_AVAILABILITY = YES_AGGRESSIVE;
				CLANG_WARN_UNREACHABLE_CODE = YES;
				CLANG_WARN__DUPLICATE_METHOD_MATCH = YES;
				CODE_SIGN_IDENTITY = "iPhone Developer";
				COPY_PHASE_STRIP = NO;
				CURRENT_PROJECT_VERSION = 1;
				DEBUG_INFORMATION_FORMAT = dwarf;
				ENABLE_STRICT_OBJC_MSGSEND = YES;
				ENABLE_TESTABILITY = YES;
				GCC_C_LANGUAGE_STANDARD = gnu11;
				GCC_DYNAMIC_NO_PIC = NO;
				GCC_NO_COMMON_BLOCKS = YES;
				GCC_OPTIMIZATION_LEVEL = 0;
				GCC_PREPROCESSOR_DEFINITIONS = (
					"DEBUG=1",
					"$(inherited)",
				);
				GCC_WARN_64_TO_32_BIT_CONVERSION = YES;
				GCC_WARN_ABOUT_RETURN_TYPE = YES_ERROR;
				GCC_WARN_UNDECLARED_SELECTOR = YES;
				GCC_WARN_UNINITIALIZED_AUTOS = YES_AGGRESSIVE;
				GCC_WARN_UNUSED_FUNCTION = YES;
				GCC_WARN_UNUSED_VARIABLE = YES;
				IPHONEOS_DEPLOYMENT_TARGET = 11.2;
				MTL_ENABLE_DEBUG_INFO = YES;
				ONLY_ACTIVE_ARCH = YES;
				SDKROOT = iphoneos;
				VERSIONING_SYSTEM = "apple-generic";
				VERSION_INFO_PREFIX = "";
			};
			name = Debug;
		};
		1AE143381FF4956800D2DEAD /* Release */ = {
			isa = XCBuildConfiguration;
			buildSettings = {
				ALWAYS_SEARCH_USER_PATHS = NO;
				CLANG_ANALYZER_NONNULL = YES;
				CLANG_ANALYZER_NUMBER_OBJECT_CONVERSION = YES_AGGRESSIVE;
				CLANG_CXX_LANGUAGE_STANDARD = "gnu++14";
				CLANG_CXX_LIBRARY = "libc++";
				CLANG_ENABLE_MODULES = YES;
				CLANG_ENABLE_OBJC_ARC = YES;
				CLANG_WARN_BLOCK_CAPTURE_AUTORELEASING = YES;
				CLANG_WARN_BOOL_CONVERSION = YES;
				CLANG_WARN_COMMA = YES;
				CLANG_WARN_CONSTANT_CONVERSION = YES;
				CLANG_WARN_DIRECT_OBJC_ISA_USAGE = YES_ERROR;
				CLANG_WARN_DOCUMENTATION_COMMENTS = YES;
				CLANG_WARN_EMPTY_BODY = YES;
				CLANG_WARN_ENUM_CONVERSION = YES;
				CLANG_WARN_INFINITE_RECURSION = YES;
				CLANG_WARN_INT_CONVERSION = YES;
				CLANG_WARN_NON_LITERAL_NULL_CONVERSION = YES;
				CLANG_WARN_OBJC_LITERAL_CONVERSION = YES;
				CLANG_WARN_OBJC_ROOT_CLASS = YES_ERROR;
				CLANG_WARN_RANGE_LOOP_ANALYSIS = YES;
				CLANG_WARN_STRICT_PROTOTYPES = YES;
				CLANG_WARN_SUSPICIOUS_MOVE = YES;
				CLANG_WARN_UNGUARDED_AVAILABILITY = YES_AGGRESSIVE;
				CLANG_WARN_UNREACHABLE_CODE = YES;
				CLANG_WARN__DUPLICATE_METHOD_MATCH = YES;
				CODE_SIGN_IDENTITY = "iPhone Developer";
				COPY_PHASE_STRIP = NO;
				CURRENT_PROJECT_VERSION = 1;
				DEBUG_INFORMATION_FORMAT = "dwarf-with-dsym";
				ENABLE_NS_ASSERTIONS = NO;
				ENABLE_STRICT_OBJC_MSGSEND = YES;
				GCC_C_LANGUAGE_STANDARD = gnu11;
				GCC_NO_COMMON_BLOCKS = YES;
				GCC_WARN_64_TO_32_BIT_CONVERSION = YES;
				GCC_WARN_ABOUT_RETURN_TYPE = YES_ERROR;
				GCC_WARN_UNDECLARED_SELECTOR = YES;
				GCC_WARN_UNINITIALIZED_AUTOS = YES_AGGRESSIVE;
				GCC_WARN_UNUSED_FUNCTION = YES;
				GCC_WARN_UNUSED_VARIABLE = YES;
				IPHONEOS_DEPLOYMENT_TARGET = 11.2;
				MTL_ENABLE_DEBUG_INFO = NO;
				SDKROOT = iphoneos;
				VALIDATE_PRODUCT = YES;
				VERSIONING_SYSTEM = "apple-generic";
				VERSION_INFO_PREFIX = "";
			};
			name = Release;
		};
		1AE1433A1FF4956800D2DEAD /* Debug */ = {
			isa = XCBuildConfiguration;
			buildSettings = {
				CODE_SIGN_IDENTITY = "";
				CODE_SIGN_STYLE = Automatic;
				COPY_PHASE_STRIP = YES;
				DEAD_CODE_STRIPPING = NO;
				DEBUG_INFORMATION_FORMAT = dwarf;
				DEFINES_MODULE = YES;
				DEVELOPMENT_TEAM = 8V7A9F9SCJ;
				ENABLE_BITCODE = NO;
				FRAMEWORK_SEARCH_PATHS = ../libs;
				INFOPLIST_FILE = KKApplication/Info.plist;
				INSTALL_PATH = "$(LOCAL_LIBRARY_DIR)/Frameworks";
				IPHONEOS_DEPLOYMENT_TARGET = 8.0;
				LINK_WITH_STANDARD_LIBRARIES = NO;
				MACH_O_TYPE = staticlib;
				ONLY_ACTIVE_ARCH = NO;
				PRODUCT_BUNDLE_IDENTIFIER = cn.kkmofang.KKApplication;
				PRODUCT_NAME = "$(TARGET_NAME:c99extidentifier)";
				SKIP_INSTALL = YES;
				TARGETED_DEVICE_FAMILY = "1,2";
			};
			name = Debug;
		};
		1AE1433B1FF4956800D2DEAD /* Release */ = {
			isa = XCBuildConfiguration;
			buildSettings = {
				CODE_SIGN_IDENTITY = "";
				CODE_SIGN_STYLE = Automatic;
				COPY_PHASE_STRIP = YES;
				DEAD_CODE_STRIPPING = NO;
				DEBUG_INFORMATION_FORMAT = dwarf;
				DEFINES_MODULE = YES;
				DEVELOPMENT_TEAM = 8V7A9F9SCJ;
				ENABLE_BITCODE = NO;
				FRAMEWORK_SEARCH_PATHS = ../libs;
				INFOPLIST_FILE = KKApplication/Info.plist;
				INSTALL_PATH = "$(LOCAL_LIBRARY_DIR)/Frameworks";
				IPHONEOS_DEPLOYMENT_TARGET = 8.0;
				LINK_WITH_STANDARD_LIBRARIES = NO;
				MACH_O_TYPE = staticlib;
				ONLY_ACTIVE_ARCH = NO;
				PRODUCT_BUNDLE_IDENTIFIER = cn.kkmofang.KKApplication;
				PRODUCT_NAME = "$(TARGET_NAME:c99extidentifier)";
				SKIP_INSTALL = YES;
				TARGETED_DEVICE_FAMILY = "1,2";
			};
			name = Release;
		};
		1AE6FCF11FF6435200001889 /* Debug */ = {
			isa = XCBuildConfiguration;
			buildSettings = {
				CODE_SIGN_STYLE = Automatic;
				DEBUG_INFORMATION_FORMAT = dwarf;
				DEVELOPMENT_TEAM = 8V7A9F9SCJ;
				PRODUCT_NAME = "$(TARGET_NAME)";
			};
			name = Debug;
		};
		1AE6FCF21FF6435200001889 /* Release */ = {
			isa = XCBuildConfiguration;
			buildSettings = {
				CODE_SIGN_STYLE = Automatic;
				DEBUG_INFORMATION_FORMAT = dwarf;
				DEVELOPMENT_TEAM = 8V7A9F9SCJ;
				PRODUCT_NAME = "$(TARGET_NAME)";
			};
			name = Release;
		};
		AC8E5D9C20043E4200343B83 /* Debug */ = {
			isa = XCBuildConfiguration;
			buildSettings = {
				ASSETCATALOG_COMPILER_APPICON_NAME = AppIcon;
				CODE_SIGN_STYLE = Automatic;
				DEVELOPMENT_TEAM = BQQ2Y9B27K;
				ENABLE_BITCODE = NO;
				INFOPLIST_FILE = demo/Info.plist;
				LD_RUNPATH_SEARCH_PATHS = "$(inherited) @executable_path/Frameworks";
				OTHER_LDFLAGS = "-ObjC";
				PRODUCT_BUNDLE_IDENTIFIER = cn.kkmofang.demo;
				PRODUCT_NAME = "$(TARGET_NAME)";
				TARGETED_DEVICE_FAMILY = "1,2";
			};
			name = Debug;
		};
		AC8E5D9D20043E4200343B83 /* Release */ = {
			isa = XCBuildConfiguration;
			buildSettings = {
				ASSETCATALOG_COMPILER_APPICON_NAME = AppIcon;
				CODE_SIGN_STYLE = Automatic;
				DEVELOPMENT_TEAM = BQQ2Y9B27K;
				ENABLE_BITCODE = NO;
				INFOPLIST_FILE = demo/Info.plist;
				LD_RUNPATH_SEARCH_PATHS = "$(inherited) @executable_path/Frameworks";
				OTHER_LDFLAGS = "-ObjC";
				PRODUCT_BUNDLE_IDENTIFIER = cn.kkmofang.demo;
				PRODUCT_NAME = "$(TARGET_NAME)";
				TARGETED_DEVICE_FAMILY = "1,2";
			};
			name = Release;
		};
/* End XCBuildConfiguration section */

/* Begin XCConfigurationList section */
		1A9E3CAA1FF878710023B627 /* Build configuration list for PBXNativeTarget "KKApplicationDylib" */ = {
			isa = XCConfigurationList;
			buildConfigurations = (
				1A9E3CAB1FF878710023B627 /* Debug */,
				1A9E3CAC1FF878710023B627 /* Release */,
			);
			defaultConfigurationIsVisible = 0;
			defaultConfigurationName = Release;
		};
		1AE1432B1FF4956800D2DEAD /* Build configuration list for PBXProject "KKApplication" */ = {
			isa = XCConfigurationList;
			buildConfigurations = (
				1AE143371FF4956800D2DEAD /* Debug */,
				1AE143381FF4956800D2DEAD /* Release */,
			);
			defaultConfigurationIsVisible = 0;
			defaultConfigurationName = Release;
		};
		1AE143391FF4956800D2DEAD /* Build configuration list for PBXNativeTarget "KKApplication" */ = {
			isa = XCConfigurationList;
			buildConfigurations = (
				1AE1433A1FF4956800D2DEAD /* Debug */,
				1AE1433B1FF4956800D2DEAD /* Release */,
			);
			defaultConfigurationIsVisible = 0;
			defaultConfigurationName = Release;
		};
		1AE6FCF41FF6435200001889 /* Build configuration list for PBXAggregateTarget "KKApplication.framework" */ = {
			isa = XCConfigurationList;
			buildConfigurations = (
				1AE6FCF11FF6435200001889 /* Debug */,
				1AE6FCF21FF6435200001889 /* Release */,
			);
			defaultConfigurationIsVisible = 0;
			defaultConfigurationName = Release;
		};
		AC8E5D9F20043E4200343B83 /* Build configuration list for PBXNativeTarget "demo" */ = {
			isa = XCConfigurationList;
			buildConfigurations = (
				AC8E5D9C20043E4200343B83 /* Debug */,
				AC8E5D9D20043E4200343B83 /* Release */,
			);
			defaultConfigurationIsVisible = 0;
			defaultConfigurationName = Release;
		};
/* End XCConfigurationList section */
	};
	rootObject = 1AE143281FF4956800D2DEAD /* Project object */;
}
